
Microsoft Visual Studio Solution File, Format Version 12.00
# Visual Studio Version 16
VisualStudioVersion = 16.0.31702.278
MinimumVisualStudioVersion = 10.0.40219.1
Project("{9A19103F-16F7-4668-BE54-9A1E7A4F7556}") = "Assignment2", "Assignment2.csproj", "{1472F787-CD64-457A-98D5-D9353E2C26D5}"
EndProject
Global
	GlobalSection(SolutionConfigurationPlatforms) = preSolution
		Debug|Any CPU = Debug|Any CPU
		Release|Any CPU = Release|Any CPU
	EndGlobalSection
	GlobalSection(ProjectConfigurationPlatforms) = postSolution
		{1472F787-CD64-457A-98D5-D9353E2C26D5}.Debug|Any CPU.ActiveCfg = Debug|Any CPU
		{1472F787-CD64-457A-98D5-D9353E2C26D5}.Debug|Any CPU.Build.0 = Debug|Any CPU
		{1472F787-CD64-457A-98D5-D9353E2C26D5}.Release|Any CPU.ActiveCfg = Release|Any CPU
		{1472F787-CD64-457A-98D5-D9353E2C26D5}.Release|Any CPU.Build.0 = Release|Any CPU
	EndGlobalSection
	GlobalSection(SolutionProperties) = preSolution
		HideSolutionNode = FALSE
	EndGlobalSection
	GlobalSection(ExtensibilityGlobals) = postSolution
		SolutionGuid = {6FA30D84-DC92-4132-8E3C-54F0487F4D9B}
	EndGlobalSection
EndGlobal
